// !$*UTF8*$!
{
	archiveVersion = 1;
	classes = {
	};
	objectVersion = 46;
	objects = {

/* Begin PBXBuildFile section */
		430657E70D1D6B14723B3488 /* Pods_TestRxSwift.framework in Frameworks */ = {isa = PBXBuildFile; fileRef = 9B2C84E979F6C698E2956EBA /* Pods_TestRxSwift.framework */; };
		DC37C99D1D91DFEB00B8222A /* AppDelegate.swift in Sources */ = {isa = PBXBuildFile; fileRef = DC37C99C1D91DFEB00B8222A /* AppDelegate.swift */; };
		DC37C99F1D91DFEB00B8222A /* ViewController.swift in Sources */ = {isa = PBXBuildFile; fileRef = DC37C99E1D91DFEB00B8222A /* ViewController.swift */; };
		DC37C9A21D91DFEB00B8222A /* Main.storyboard in Resources */ = {isa = PBXBuildFile; fileRef = DC37C9A01D91DFEB00B8222A /* Main.storyboard */; };
		DC37C9A41D91DFEB00B8222A /* Assets.xcassets in Resources */ = {isa = PBXBuildFile; fileRef = DC37C9A31D91DFEB00B8222A /* Assets.xcassets */; };
		DC37C9A71D91DFEB00B8222A /* LaunchScreen.storyboard in Resources */ = {isa = PBXBuildFile; fileRef = DC37C9A51D91DFEB00B8222A /* LaunchScreen.storyboard */; };
		DC37C9B21D91DFEB00B8222A /* TestRxSwiftTests.swift in Sources */ = {isa = PBXBuildFile; fileRef = DC37C9B11D91DFEB00B8222A /* TestRxSwiftTests.swift */; };
		DC37C9BD1D91DFEB00B8222A /* TestRxSwiftUITests.swift in Sources */ = {isa = PBXBuildFile; fileRef = DC37C9BC1D91DFEB00B8222A /* TestRxSwiftUITests.swift */; };
		DC37C9CB1D91E5A100B8222A /* Entity.swift in Sources */ = {isa = PBXBuildFile; fileRef = DC37C9CA1D91E5A100B8222A /* Entity.swift */; };
/* End PBXBuildFile section */

/* Begin PBXContainerItemProxy section */
		DC37C9AE1D91DFEB00B8222A /* PBXContainerItemProxy */ = {
			isa = PBXContainerItemProxy;
			containerPortal = DC37C9911D91DFEB00B8222A /* Project object */;
			proxyType = 1;
			remoteGlobalIDString = DC37C9981D91DFEB00B8222A;
			remoteInfo = TestRxSwift;
		};
		DC37C9B91D91DFEB00B8222A /* PBXContainerItemProxy */ = {
			isa = PBXContainerItemProxy;
			containerPortal = DC37C9911D91DFEB00B8222A /* Project object */;
			proxyType = 1;
			remoteGlobalIDString = DC37C9981D91DFEB00B8222A;
			remoteInfo = TestRxSwift;
		};
/* End PBXContainerItemProxy section */

/* Begin PBXFileReference section */
		4486FF063B566916CFE5BFB5 /* Pods-TestRxSwift.release.xcconfig */ = {isa = PBXFileReference; includeInIndex = 1; lastKnownFileType = text.xcconfig; name = "Pods-TestRxSwift.release.xcconfig"; path = "Pods/Target Support Files/Pods-TestRxSwift/Pods-TestRxSwift.release.xcconfig"; sourceTree = "<group>"; };
		5A33F7070B2540CE680F47F7 /* Pods-TestRxSwift.debug.xcconfig */ = {isa = PBXFileReference; includeInIndex = 1; lastKnownFileType = text.xcconfig; name = "Pods-TestRxSwift.debug.xcconfig"; path = "Pods/Target Support Files/Pods-TestRxSwift/Pods-TestRxSwift.debug.xcconfig"; sourceTree = "<group>"; };
		9B2C84E979F6C698E2956EBA /* Pods_TestRxSwift.framework */ = {isa = PBXFileReference; explicitFileType = wrapper.framework; includeInIndex = 0; path = Pods_TestRxSwift.framework; sourceTree = BUILT_PRODUCTS_DIR; };
		DC37C9991D91DFEB00B8222A /* TestRxSwift.app */ = {isa = PBXFileReference; explicitFileType = wrapper.application; includeInIndex = 0; path = TestRxSwift.app; sourceTree = BUILT_PRODUCTS_DIR; };
		DC37C99C1D91DFEB00B8222A /* AppDelegate.swift */ = {isa = PBXFileReference; lastKnownFileType = sourcecode.swift; path = AppDelegate.swift; sourceTree = "<group>"; };
		DC37C99E1D91DFEB00B8222A /* ViewController.swift */ = {isa = PBXFileReference; lastKnownFileType = sourcecode.swift; path = ViewController.swift; sourceTree = "<group>"; };
		DC37C9A11D91DFEB00B8222A /* Base */ = {isa = PBXFileReference; lastKnownFileType = file.storyboard; name = Base; path = Base.lproj/Main.storyboard; sourceTree = "<group>"; };
		DC37C9A31D91DFEB00B8222A /* Assets.xcassets */ = {isa = PBXFileReference; lastKnownFileType = folder.assetcatalog; path = Assets.xcassets; sourceTree = "<group>"; };
		DC37C9A61D91DFEB00B8222A /* Base */ = {isa = PBXFileReference; lastKnownFileType = file.storyboard; name = Base; path = Base.lproj/LaunchScreen.storyboard; sourceTree = "<group>"; };
		DC37C9A81D91DFEB00B8222A /* Info.plist */ = {isa = PBXFileReference; lastKnownFileType = text.plist.xml; path = Info.plist; sourceTree = "<group>"; };
		DC37C9AD1D91DFEB00B8222A /* TestRxSwiftTests.xctest */ = {isa = PBXFileReference; explicitFileType = wrapper.cfbundle; includeInIndex = 0; path = TestRxSwiftTests.xctest; sourceTree = BUILT_PRODUCTS_DIR; };
		DC37C9B11D91DFEB00B8222A /* TestRxSwiftTests.swift */ = {isa = PBXFileReference; lastKnownFileType = sourcecode.swift; path = TestRxSwiftTests.swift; sourceTree = "<group>"; };
		DC37C9B31D91DFEB00B8222A /* Info.plist */ = {isa = PBXFileReference; lastKnownFileType = text.plist.xml; path = Info.plist; sourceTree = "<group>"; };
		DC37C9B81D91DFEB00B8222A /* TestRxSwiftUITests.xctest */ = {isa = PBXFileReference; explicitFileType = wrapper.cfbundle; includeInIndex = 0; path = TestRxSwiftUITests.xctest; sourceTree = BUILT_PRODUCTS_DIR; };
		DC37C9BC1D91DFEB00B8222A /* TestRxSwiftUITests.swift */ = {isa = PBXFileReference; lastKnownFileType = sourcecode.swift; path = TestRxSwiftUITests.swift; sourceTree = "<group>"; };
		DC37C9BE1D91DFEB00B8222A /* Info.plist */ = {isa = PBXFileReference; lastKnownFileType = text.plist.xml; path = Info.plist; sourceTree = "<group>"; };
		DC37C9CA1D91E5A100B8222A /* Entity.swift */ = {isa = PBXFileReference; fileEncoding = 4; lastKnownFileType = sourcecode.swift; path = Entity.swift; sourceTree = "<group>"; };
/* End PBXFileReference section */

/* Begin PBXFrameworksBuildPhase section */
		DC37C9961D91DFEB00B8222A /* Frameworks */ = {
			isa = PBXFrameworksBuildPhase;
			buildActionMask = 2147483647;
			files = (
				430657E70D1D6B14723B3488 /* Pods_TestRxSwift.framework in Frameworks */,
			);
			runOnlyForDeploymentPostprocessing = 0;
		};
		DC37C9AA1D91DFEB00B8222A /* Frameworks */ = {
			isa = PBXFrameworksBuildPhase;
			buildActionMask = 2147483647;
			files = (
			);
			runOnlyForDeploymentPostprocessing = 0;
		};
		DC37C9B51D91DFEB00B8222A /* Frameworks */ = {
			isa = PBXFrameworksBuildPhase;
			buildActionMask = 2147483647;
			files = (
			);
			runOnlyForDeploymentPostprocessing = 0;
		};
/* End PBXFrameworksBuildPhase section */

/* Begin PBXGroup section */
		99836B054429D201E3EA6DF6 /* Frameworks */ = {
			isa = PBXGroup;
			children = (
				9B2C84E979F6C698E2956EBA /* Pods_TestRxSwift.framework */,
			);
			name = Frameworks;
			sourceTree = "<group>";
		};
		A2AF3C6AF312B4D4D0EFA036 /* Pods */ = {
			isa = PBXGroup;
			children = (
				5A33F7070B2540CE680F47F7 /* Pods-TestRxSwift.debug.xcconfig */,
				4486FF063B566916CFE5BFB5 /* Pods-TestRxSwift.release.xcconfig */,
			);
			name = Pods;
			sourceTree = "<group>";
		};
		DC37C9901D91DFEB00B8222A = {
			isa = PBXGroup;
			children = (
				DC37C99B1D91DFEB00B8222A /* TestRxSwift */,
				DC37C9B01D91DFEB00B8222A /* TestRxSwiftTests */,
				DC37C9BB1D91DFEB00B8222A /* TestRxSwiftUITests */,
				DC37C99A1D91DFEB00B8222A /* Products */,
				A2AF3C6AF312B4D4D0EFA036 /* Pods */,
				99836B054429D201E3EA6DF6 /* Frameworks */,
			);
			sourceTree = "<group>";
		};
		DC37C99A1D91DFEB00B8222A /* Products */ = {
			isa = PBXGroup;
			children = (
				DC37C9991D91DFEB00B8222A /* TestRxSwift.app */,
				DC37C9AD1D91DFEB00B8222A /* TestRxSwiftTests.xctest */,
				DC37C9B81D91DFEB00B8222A /* TestRxSwiftUITests.xctest */,
			);
			name = Products;
			sourceTree = "<group>";
		};
		DC37C99B1D91DFEB00B8222A /* TestRxSwift */ = {
			isa = PBXGroup;
			children = (
				DC37C99C1D91DFEB00B8222A /* AppDelegate.swift */,
				DC37C99E1D91DFEB00B8222A /* ViewController.swift */,
				DC37C9CA1D91E5A100B8222A /* Entity.swift */,
				DC37C9A01D91DFEB00B8222A /* Main.storyboard */,
				DC37C9A31D91DFEB00B8222A /* Assets.xcassets */,
				DC37C9A51D91DFEB00B8222A /* LaunchScreen.storyboard */,
				DC37C9A81D91DFEB00B8222A /* Info.plist */,
			);
			path = TestRxSwift;
			sourceTree = "<group>";
		};
		DC37C9B01D91DFEB00B8222A /* TestRxSwiftTests */ = {
			isa = PBXGroup;
			children = (
				DC37C9B11D91DFEB00B8222A /* TestRxSwiftTests.swift */,
				DC37C9B31D91DFEB00B8222A /* Info.plist */,
			);
			path = TestRxSwiftTests;
			sourceTree = "<group>";
		};
		DC37C9BB1D91DFEB00B8222A /* TestRxSwiftUITests */ = {
			isa = PBXGroup;
			children = (
				DC37C9BC1D91DFEB00B8222A /* TestRxSwiftUITests.swift */,
				DC37C9BE1D91DFEB00B8222A /* Info.plist */,
			);
			path = TestRxSwiftUITests;
			sourceTree = "<group>";
		};
/* End PBXGroup section */

/* Begin PBXNativeTarget section */
		DC37C9981D91DFEB00B8222A /* TestRxSwift */ = {
			isa = PBXNativeTarget;
			buildConfigurationList = DC37C9C11D91DFEB00B8222A /* Build configuration list for PBXNativeTarget "TestRxSwift" */;
			buildPhases = (
				605F7F17228BBDE143F48DC8 /* [CP] Check Pods Manifest.lock */,
				DC37C9951D91DFEB00B8222A /* Sources */,
				DC37C9961D91DFEB00B8222A /* Frameworks */,
				DC37C9971D91DFEB00B8222A /* Resources */,
				2765DDE908BC272AA15D7B1B /* [CP] Embed Pods Frameworks */,
				E66221CE070293A23C21FD8F /* [CP] Copy Pods Resources */,
			);
			buildRules = (
			);
			dependencies = (
			);
			name = TestRxSwift;
			productName = TestRxSwift;
			productReference = DC37C9991D91DFEB00B8222A /* TestRxSwift.app */;
			productType = "com.apple.product-type.application";
		};
		DC37C9AC1D91DFEB00B8222A /* TestRxSwiftTests */ = {
			isa = PBXNativeTarget;
			buildConfigurationList = DC37C9C41D91DFEB00B8222A /* Build configuration list for PBXNativeTarget "TestRxSwiftTests" */;
			buildPhases = (
				DC37C9A91D91DFEB00B8222A /* Sources */,
				DC37C9AA1D91DFEB00B8222A /* Frameworks */,
				DC37C9AB1D91DFEB00B8222A /* Resources */,
			);
			buildRules = (
			);
			dependencies = (
				DC37C9AF1D91DFEB00B8222A /* PBXTargetDependency */,
			);
			name = TestRxSwiftTests;
			productName = TestRxSwiftTests;
			productReference = DC37C9AD1D91DFEB00B8222A /* TestRxSwiftTests.xctest */;
			productType = "com.apple.product-type.bundle.unit-test";
		};
		DC37C9B71D91DFEB00B8222A /* TestRxSwiftUITests */ = {
			isa = PBXNativeTarget;
			buildConfigurationList = DC37C9C71D91DFEB00B8222A /* Build configuration list for PBXNativeTarget "TestRxSwiftUITests" */;
			buildPhases = (
				DC37C9B41D91DFEB00B8222A /* Sources */,
				DC37C9B51D91DFEB00B8222A /* Frameworks */,
				DC37C9B61D91DFEB00B8222A /* Resources */,
			);
			buildRules = (
			);
			dependencies = (
				DC37C9BA1D91DFEB00B8222A /* PBXTargetDependency */,
			);
			name = TestRxSwiftUITests;
			productName = TestRxSwiftUITests;
			productReference = DC37C9B81D91DFEB00B8222A /* TestRxSwiftUITests.xctest */;
			productType = "com.apple.product-type.bundle.ui-testing";
		};
/* End PBXNativeTarget section */

/* Begin PBXProject section */
		DC37C9911D91DFEB00B8222A /* Project object */ = {
			isa = PBXProject;
			attributes = {
				LastSwiftUpdateCheck = 0730;
				LastUpgradeCheck = 0730;
				ORGANIZATIONNAME = "Zhicong Zang";
				TargetAttributes = {
					DC37C9981D91DFEB00B8222A = {
						CreatedOnToolsVersion = 7.3.1;
						DevelopmentTeam = 3YN8TBBFZ4;
					};
					DC37C9AC1D91DFEB00B8222A = {
						CreatedOnToolsVersion = 7.3.1;
						DevelopmentTeam = 3YN8TBBFZ4;
						TestTargetID = DC37C9981D91DFEB00B8222A;
					};
					DC37C9B71D91DFEB00B8222A = {
						CreatedOnToolsVersion = 7.3.1;
						DevelopmentTeam = 3YN8TBBFZ4;
						TestTargetID = DC37C9981D91DFEB00B8222A;
					};
				};
			};
			buildConfigurationList = DC37C9941D91DFEB00B8222A /* Build configuration list for PBXProject "TestRxSwift" */;
			compatibilityVersion = "Xcode 3.2";
			developmentRegion = English;
			hasScannedForEncodings = 0;
			knownRegions = (
				en,
				Base,
			);
			mainGroup = DC37C9901D91DFEB00B8222A;
			productRefGroup = DC37C99A1D91DFEB00B8222A /* Products */;
			projectDirPath = "";
			projectRoot = "";
			targets = (
				DC37C9981D91DFEB00B8222A /* TestRxSwift */,
				DC37C9AC1D91DFEB00B8222A /* TestRxSwiftTests */,
				DC37C9B71D91DFEB00B8222A /* TestRxSwiftUITests */,
			);
		};
/* End PBXProject section */

/* Begin PBXResourcesBuildPhase section */
		DC37C9971D91DFEB00B8222A /* Resources */ = {
			isa = PBXResourcesBuildPhase;
			buildActionMask = 2147483647;
			files = (
				DC37C9A71D91DFEB00B8222A /* LaunchScreen.storyboard in Resources */,
				DC37C9A41D91DFEB00B8222A /* Assets.xcassets in Resources */,
				DC37C9A21D91DFEB00B8222A /* Main.storyboard in Resources */,
			);
			runOnlyForDeploymentPostprocessing = 0;
		};
		DC37C9AB1D91DFEB00B8222A /* Resources */ = {
			isa = PBXResourcesBuildPhase;
			buildActionMask = 2147483647;
			files = (
			);
			runOnlyForDeploymentPostprocessing = 0;
		};
		DC37C9B61D91DFEB00B8222A /* Resources */ = {
			isa = PBXResourcesBuildPhase;
			buildActionMask = 2147483647;
			files = (
			);
			runOnlyForDeploymentPostprocessing = 0;
		};
/* End PBXResourcesBuildPhase section */

/* Begin PBXShellScriptBuildPhase section */
		2765DDE908BC272AA15D7B1B /* [CP] Embed Pods Frameworks */ = {
			isa = PBXShellScriptBuildPhase;
			buildActionMask = 2147483647;
			files = (
			);
			inputPaths = (
			);
			name = "[CP] Embed Pods Frameworks";
			outputPaths = (
			);
			runOnlyForDeploymentPostprocessing = 0;
			shellPath = /bin/sh;
			shellScript = "\"${SRCROOT}/Pods/Target Support Files/Pods-TestRxSwift/Pods-TestRxSwift-frameworks.sh\"\n";
			showEnvVarsInLog = 0;
		};
		605F7F17228BBDE143F48DC8 /* [CP] Check Pods Manifest.lock */ = {
			isa = PBXShellScriptBuildPhase;
			buildActionMask = 2147483647;
			files = (
			);
			inputPaths = (
			);
			name = "[CP] Check Pods Manifest.lock";
			outputPaths = (
			);
			runOnlyForDeploymentPostprocessing = 0;
			shellPath = /bin/sh;
			shellScript = "diff \"${PODS_ROOT}/../Podfile.lock\" \"${PODS_ROOT}/Manifest.lock\" > /dev/null\nif [[ $? != 0 ]] ; then\n    cat << EOM\nerror: The sandbox is not in sync with the Podfile.lock. Run 'pod install' or update your CocoaPods installation.\nEOM\n    exit 1\nfi\n";
			showEnvVarsInLog = 0;
		};
		E66221CE070293A23C21FD8F /* [CP] Copy Pods Resources */ = {
			isa = PBXShellScriptBuildPhase;
			buildActionMask = 2147483647;
			files = (
			);
			inputPaths = (
			);
			name = "[CP] Copy Pods Resources";
			outputPaths = (
			);
			runOnlyForDeploymentPostprocessing = 0;
			shellPath = /bin/sh;
			shellScript = "\"${SRCROOT}/Pods/Target Support Files/Pods-TestRxSwift/Pods-TestRxSwift-resources.sh\"\n";
			showEnvVarsInLog = 0;
		};
/* End PBXShellScriptBuildPhase section */

/* Begin PBXSourcesBuildPhase section */
		DC37C9951D91DFEB00B8222A /* Sources */ = {
			isa = PBXSourcesBuildPhase;
			buildActionMask = 2147483647;
			files = (
				DC37C99F1D91DFEB00B8222A /* ViewController.swift in Sources */,
				DC37C99D1D91DFEB00B8222A /* AppDelegate.swift in Sources */,
				DC37C9CB1D91E5A100B8222A /* Entity.swift in Sources */,
			);
			runOnlyForDeploymentPostprocessing = 0;
		};
		DC37C9A91D91DFEB00B8222A /* Sources */ = {
			isa = PBXSourcesBuildPhase;
			buildActionMask = 2147483647;
			files = (
				DC37C9B21D91DFEB00B8222A /* TestRxSwiftTests.swift in Sources */,
			);
			runOnlyForDeploymentPostprocessing = 0;
		};
		DC37C9B41D91DFEB00B8222A /* Sources */ = {
			isa = PBXSourcesBuildPhase;
			buildActionMask = 2147483647;
			files = (
				DC37C9BD1D91DFEB00B8222A /* TestRxSwiftUITests.swift in Sources */,
			);
			runOnlyForDeploymentPostprocessing = 0;
		};
/* End PBXSourcesBuildPhase section */

/* Begin PBXTargetDependency section */
		DC37C9AF1D91DFEB00B8222A /* PBXTargetDependency */ = {
			isa = PBXTargetDependency;
			target = DC37C9981D91DFEB00B8222A /* TestRxSwift */;
			targetProxy = DC37C9AE1D91DFEB00B8222A /* PBXContainerItemProxy */;
		};
		DC37C9BA1D91DFEB00B8222A /* PBXTargetDependency */ = {
			isa = PBXTargetDependency;
			target = DC37C9981D91DFEB00B8222A /* TestRxSwift */;
			targetProxy = DC37C9B91D91DFEB00B8222A /* PBXContainerItemProxy */;
		};
/* End PBXTargetDependency section */

/* Begin PBXVariantGroup section */
		DC37C9A01D91DFEB00B8222A /* Main.storyboard */ = {
			isa = PBXVariantGroup;
			children = (
				DC37C9A11D91DFEB00B8222A /* Base */,
			);
			name = Main.storyboard;
			sourceTree = "<group>";
		};
		DC37C9A51D91DFEB00B8222A /* LaunchScreen.storyboard */ = {
			isa = PBXVariantGroup;
			children = (
				DC37C9A61D91DFEB00B8222A /* Base */,
			);
			name = LaunchScreen.storyboard;
			sourceTree = "<group>";
		};
/* End PBXVariantGroup section */

/* Begin XCBuildConfiguration section */
		DC37C9BF1D91DFEB00B8222A /* Debug */ = {
			isa = XCBuildConfiguration;
			buildSettings = {
				ALWAYS_SEARCH_USER_PATHS = NO;
				CLANG_ANALYZER_NONNULL = YES;
				CLANG_CXX_LANGUAGE_STANDARD = "gnu++0x";
				CLANG_CXX_LIBRARY = "libc++";
				CLANG_ENABLE_MODULES = YES;
				CLANG_ENABLE_OBJC_ARC = YES;
				CLANG_WARN_BOOL_CONVERSION = YES;
				CLANG_WARN_CONSTANT_CONVERSION = YES;
				CLANG_WARN_DIRECT_OBJC_ISA_USAGE = YES_ERROR;
				CLANG_WARN_EMPTY_BODY = YES;
				CLANG_WARN_ENUM_CONVERSION = YES;
				CLANG_WARN_INT_CONVERSION = YES;
				CLANG_WARN_OBJC_ROOT_CLASS = YES_ERROR;
				CLANG_WARN_UNREACHABLE_CODE = YES;
				CLANG_WARN__DUPLICATE_METHOD_MATCH = YES;
				"CODE_SIGN_IDENTITY[sdk=iphoneos*]" = "iPhone Developer";
				COPY_PHASE_STRIP = NO;
				DEBUG_INFORMATION_FORMAT = dwarf;
				ENABLE_STRICT_OBJC_MSGSEND = YES;
				ENABLE_TESTABILITY = YES;
				GCC_C_LANGUAGE_STANDARD = gnu99;
				GCC_DYNAMIC_NO_PIC = NO;
				GCC_NO_COMMON_BLOCKS = YES;
				GCC_OPTIMIZATION_LEVEL = 0;
				GCC_PREPROCESSOR_DEFINITIONS = (
					"DEBUG=1",
					"$(inherited)",
				);
				GCC_WARN_64_TO_32_BIT_CONVERSION = YES;
				GCC_WARN_ABOUT_RETURN_TYPE = YES_ERROR;
				GCC_WARN_UNDECLARED_SELECTOR = YES;
				GCC_WARN_UNINITIALIZED_AUTOS = YES_AGGRESSIVE;
				GCC_WARN_UNUSED_FUNCTION = YES;
				GCC_WARN_UNUSED_VARIABLE = YES;
				IPHONEOS_DEPLOYMENT_TARGET = 9.3;
				MTL_ENABLE_DEBUG_INFO = YES;
				ONLY_ACTIVE_ARCH = YES;
				SDKROOT = iphoneos;
				SWIFT_OPTIMIZATION_LEVEL = "-Onone";
			};
			name = Debug;
		};
		DC37C9C01D91DFEB00B8222A /* Release */ = {
			isa = XCBuildConfiguration;
			buildSettings = {
				ALWAYS_SEARCH_USER_PATHS = NO;
				CLANG_ANALYZER_NONNULL = YES;
				CLANG_CXX_LANGUAGE_STANDARD = "gnu++0x";
				CLANG_CXX_LIBRARY = "libc++";
				CLANG_ENABLE_MODULES = YES;
				CLANG_ENABLE_OBJC_ARC = YES;
				CLANG_WARN_BOOL_CONVERSION = YES;
				CLANG_WARN_CONSTANT_CONVERSION = YES;
				CLANG_WARN_DIRECT_OBJC_ISA_USAGE = YES_ERROR;
				CLANG_WARN_EMPTY_BODY = YES;
				CLANG_WARN_ENUM_CONVERSION = YES;
				CLANG_WARN_INT_CONVERSION = YES;
				CLANG_WARN_OBJC_ROOT_CLASS = YES_ERROR;
				CLANG_WARN_UNREACHABLE_CODE = YES;
				CLANG_WARN__DUPLICATE_METHOD_MATCH = YES;
				"CODE_SIGN_IDENTITY[sdk=iphoneos*]" = "iPhone Developer";
				COPY_PHASE_STRIP = NO;
				DEBUG_INFORMATION_FORMAT = "dwarf-with-dsym";
				ENABLE_NS_ASSERTIONS = NO;
				ENABLE_STRICT_OBJC_MSGSEND = YES;
				GCC_C_LANGUAGE_STANDARD = gnu99;
				GCC_NO_COMMON_BLOCKS = YES;
				GCC_WARN_64_TO_32_BIT_CONVERSION = YES;
				GCC_WARN_ABOUT_RETURN_TYPE = YES_ERROR;
				GCC_WARN_UNDECLARED_SELECTOR = YES;
				GCC_WARN_UNINITIALIZED_AUTOS = YES_AGGRESSIVE;
				GCC_WARN_UNUSED_FUNCTION = YES;
				GCC_WARN_UNUSED_VARIABLE = YES;
				IPHONEOS_DEPLOYMENT_TARGET = 9.3;
				MTL_ENABLE_DEBUG_INFO = NO;
				SDKROOT = iphoneos;
				VALIDATE_PRODUCT = YES;
			};
			name = Release;
		};
		DC37C9C21D91DFEB00B8222A /* Debug */ = {
			isa = XCBuildConfiguration;
			baseConfigurationReference = 5A33F7070B2540CE680F47F7 /* Pods-TestRxSwift.debug.xcconfig */;
			buildSettings = {
				ASSETCATALOG_COMPILER_APPICON_NAME = AppIcon;
				INFOPLIST_FILE = TestRxSwift/Info.plist;
				LD_RUNPATH_SEARCH_PATHS = "$(inherited) @executable_path/Frameworks";
				PRODUCT_BUNDLE_IDENTIFIER = Jesse.TestRxSwift;
				PRODUCT_NAME = "$(TARGET_NAME)";
			};
			name = Debug;
		};
		DC37C9C31D91DFEB00B8222A /* Release */ = {
			isa = XCBuildConfiguration;
			baseConfigurationReference = 4486FF063B566916CFE5BFB5 /* Pods-TestRxSwift.release.xcconfig */;
			buildSettings = {
				ASSETCATALOG_COMPILER_APPICON_NAME = AppIcon;
				INFOPLIST_FILE = TestRxSwift/Info.plist;
				LD_RUNPATH_SEARCH_PATHS = "$(inherited) @executable_path/Frameworks";
				PRODUCT_BUNDLE_IDENTIFIER = Jesse.TestRxSwift;
				PRODUCT_NAME = "$(TARGET_NAME)";
			};
			name = Release;
		};
		DC37C9C51D91DFEB00B8222A /* Debug */ = {
			isa = XCBuildConfiguration;
			buildSettings = {
				BUNDLE_LOADER = "$(TEST_HOST)";
				INFOPLIST_FILE = TestRxSwiftTests/Info.plist;
				LD_RUNPATH_SEARCH_PATHS = "$(inherited) @executable_path/Frameworks @loader_path/Frameworks";
				PRODUCT_BUNDLE_IDENTIFIER = Jesse.TestRxSwiftTests;
				PRODUCT_NAME = "$(TARGET_NAME)";
				TEST_HOST = "$(BUILT_PRODUCTS_DIR)/TestRxSwift.app/TestRxSwift";
			};
			name = Debug;
		};
		DC37C9C61D91DFEB00B8222A /* Release */ = {
			isa = XCBuildConfiguration;
			buildSettings = {
				BUNDLE_LOADER = "$(TEST_HOST)";
				INFOPLIST_FILE = TestRxSwiftTests/Info.plist;
				LD_RUNPATH_SEARCH_PATHS = "$(inherited) @executable_path/Frameworks @loader_path/Frameworks";
				PRODUCT_BUNDLE_IDENTIFIER = Jesse.TestRxSwiftTests;
				PRODUCT_NAME = "$(TARGET_NAME)";
				TEST_HOST = "$(BUILT_PRODUCTS_DIR)/TestRxSwift.app/TestRxSwift";
			};
			name = Release;
		};
		DC37C9C81D91DFEB00B8222A /* Debug */ = {
			isa = XCBuildConfiguration;
			buildSettings = {
				INFOPLIST_FILE = TestRxSwiftUITests/Info.plist;
				LD_RUNPATH_SEARCH_PATHS = "$(inherited) @executable_path/Frameworks @loader_path/Frameworks";
				PRODUCT_BUNDLE_IDENTIFIER = Jesse.TestRxSwiftUITests;
				PRODUCT_NAME = "$(TARGET_NAME)";
				TEST_TARGET_NAME = TestRxSwift;
			};
			name = Debug;
		};
		DC37C9C91D91DFEB00B8222A /* Release */ = {
			isa = XCBuildConfiguration;
			buildSettings = {
				INFOPLIST_FILE = TestRxSwiftUITests/Info.plist;
				LD_RUNPATH_SEARCH_PATHS = "$(inherited) @executable_path/Frameworks @loader_path/Frameworks";
				PRODUCT_BUNDLE_IDENTIFIER = Jesse.TestRxSwiftUITests;
				PRODUCT_NAME = "$(TARGET_NAME)";
				TEST_TARGET_NAME = TestRxSwift;
			};
			name = Release;
		};
/* End XCBuildConfiguration section */

/* Begin XCConfigurationList section */
		DC37C9941D91DFEB00B8222A /* Build configuration list for PBXProject "TestRxSwift" */ = {
			isa = XCConfigurationList;
			buildConfigurations = (
				DC37C9BF1D91DFEB00B8222A /* Debug */,
				DC37C9C01D91DFEB00B8222A /* Release */,
			);
			defaultConfigurationIsVisible = 0;
			defaultConfigurationName = Release;
		};
		DC37C9C11D91DFEB00B8222A /* Build configuration list for PBXNativeTarget "TestRxSwift" */ = {
			isa = XCConfigurationList;
			buildConfigurations = (
				DC37C9C21D91DFEB00B8222A /* Debug */,
				DC37C9C31D91DFEB00B8222A /* Release */,
			);
			defaultConfigurationIsVisible = 0;
			defaultConfigurationName = Release;
		};
		DC37C9C41D91DFEB00B8222A /* Build configuration list for PBXNativeTarget "TestRxSwiftTests" */ = {
			isa = XCConfigurationList;
			buildConfigurations = (
				DC37C9C51D91DFEB00B8222A /* Debug */,
				DC37C9C61D91DFEB00B8222A /* Release */,
			);
			defaultConfigurationIsVisible = 0;
			defaultConfigurationName = Release;
		};
		DC37C9C71D91DFEB00B8222A /* Build configuration list for PBXNativeTarget "TestRxSwiftUITests" */ = {
			isa = XCConfigurationList;
			buildConfigurations = (
				DC37C9C81D91DFEB00B8222A /* Debug */,
				DC37C9C91D91DFEB00B8222A /* Release */,
			);
			defaultConfigurationIsVisible = 0;
			defaultConfigurationName = Release;
		};
/* End XCConfigurationList section */
	};
	rootObject = DC37C9911D91DFEB00B8222A /* Project object */;
}
